PODS:
  - INSBarcodeRFIDScanner (1.2.4):
    - ZXingObjC
  - ZXingObjC (3.2.1):
    - ZXingObjC/All (= 3.2.1)
  - ZXingObjC/All (3.2.1)

DEPENDENCIES:
  - INSBarcodeRFIDScanner (from `../`)
  - ZXingObjC

EXTERNAL SOURCES:
  INSBarcodeRFIDScanner:
    :path: ../

SPEC CHECKSUMS:
  INSBarcodeRFIDScanner: 49195836a38953996a551fcc666a25030fbeb43e
  ZXingObjC: bbf7b8f0cf8933fdd33eb4f9f46e22308552869b

PODFILE CHECKSUM: 8b83c7dc2d79f6d936fb02f9d35e625dac64263b

COCOAPODS: 1.4.0.beta.1
