PODS:
  - INSBarcodeRFIDScanner (1.0.6):
    - ZXingObjC
  - ZXingObjC (3.2.1):
    - ZXingObjC/All (= 3.2.1)
  - ZXingObjC/All (3.2.1)

DEPENDENCIES:
  - INSBarcodeRFIDScanner (from `https://github.com/vanphuc06t1/INSBarcodeRFIDScanner.git`, branch `master`)
  - ZXingObjC

EXTERNAL SOURCES:
  INSBarcodeRFIDScanner:
    :branch: master
    :git: https://github.com/vanphuc06t1/INSBarcodeRFIDScanner.git

CHECKOUT OPTIONS:
  INSBarcodeRFIDScanner:
    :commit: 8e4bdbdeecaf385848142fc9de6493b1ba706f2d
    :git: https://github.com/vanphuc06t1/INSBarcodeRFIDScanner.git

SPEC CHECKSUMS:
  INSBarcodeRFIDScanner: f1bb3a050a4de2a3aff659f2524ef638c7632e9a
  ZXingObjC: bbf7b8f0cf8933fdd33eb4f9f46e22308552869b

PODFILE CHECKSUM: a0645d0fcff0ce44c7793bfbecdf4601841d7ecb

COCOAPODS: 1.4.0.beta.1
